<?xml version="1.0" encoding="utf-8"?>
<Project ToolsVersion="4.0" xmlns="http://schemas.microsoft.com/developer/msbuild/2003">
  <ItemGroup>
    <ClCompile Include="Camera/Camera.cpp" />
    <ClCompile Include="DirectXHelper.cpp" />
    <ClCompile Include="Helper.cpp" />
    <ClCompile Include="Input/Input.cpp" />
    <ClCompile Include="Lighting/Lighting.cpp" />
    <ClCompile Include="Main.cpp" />
    <ClCompile Include="Model/Model.cpp" />
    <ClCompile Include="Picking.cpp" />
    <ClCompile Include="Scene/Scene.cpp" />
    <ClCompile Include="Textbox\Textbox.cpp" />
    <ClCompile Include="Particles\Particles.cpp" />
  </ItemGroup>
  <ItemGroup>
    <ClInclude Include="Camera/Camera.h" />
    <ClInclude Include="DirectXHelper.h" />
    <ClInclude Include="Helper.h" />
    <ClInclude Include="Includes.h" />
    <ClInclude Include="Input/Input.h" />
    <ClInclude Include="Lighting/Lighting.h" />
    <ClInclude Include="Model/Model.h" />
    <ClInclude Include="Picking.h" />
    <ClInclude Include="Scene/Scene.h" />
    <ClInclude Include="Textbox\Textbox.h" />
    <ClInclude Include="Particles\Particles.h" />
  </ItemGroup>
</Project>